# Generated by pub
# See http://pub.dartlang.org/doc/glossary.html#lockfile
packages:
  home_automation_tools:
    description:
      ref: HEAD
      resolved-ref: "50402018a5c29021f61d601fc853b061b20355ca"
      url: "git://github.com/Hixie/dart-home-automation-tools.git"
    source: git
    version: "0.0.0"
  meta:
    description:
      name: meta
      url: "https://pub.dartlang.org"
    source: hosted
    version: "1.0.4"
  path:
    description:
      name: path
      url: "https://pub.dartlang.org"
    source: hosted
    version: "1.4.1"
  stack_trace:
    description:
      name: stack_trace
      url: "https://pub.dartlang.org"
    source: hosted
    version: "1.7.0"
sdks:
  dart: ">=1.14.0 <2.0.0"
