# Generated by pub
# See http://pub.dartlang.org/doc/glossary.html#lockfile
packages:
  home_automation_tools:
    description:
      path: "../dart-home-automation-tools"
      relative: true
    source: path
    version: "0.0.0"
  meta:
    description:
      name: meta
      url: "https://pub.dartlang.org"
    source: hosted
    version: "1.0.4"
  path:
    description:
      name: path
      url: "https://pub.dartlang.org"
    source: hosted
    version: "1.4.1"
  stack_trace:
    description:
      name: stack_trace
      url: "https://pub.dartlang.org"
    source: hosted
    version: "1.7.1"
sdks:
  dart: ">=1.14.0 <2.0.0"
